// !$*UTF8*$!
{
	archiveVersion = 1;
	classes = {
	};
	objectVersion = 56;
	objects = {

/* Begin PBXBuildFile section */
		340141F12B9C87A8003B445A /* Loochok3mApp.swift in Sources */ = {isa = PBXBuildFile; fileRef = 340141F02B9C87A8003B445A /* Loochok3mApp.swift */; };
		340141F32B9C87A8003B445A /* IdeasListCV.swift in Sources */ = {isa = PBXBuildFile; fileRef = 340141F22B9C87A8003B445A /* IdeasListCV.swift */; };
		340141F52B9C87AA003B445A /* Assets.xcassets in Resources */ = {isa = PBXBuildFile; fileRef = 340141F42B9C87AA003B445A /* Assets.xcassets */; };
		340141F82B9C87AA003B445A /* Preview Assets.xcassets in Resources */ = {isa = PBXBuildFile; fileRef = 340141F72B9C87AA003B445A /* Preview Assets.xcassets */; };
		340141FF2B9C881B003B445A /* Game.swift in Sources */ = {isa = PBXBuildFile; fileRef = 340141FE2B9C881B003B445A /* Game.swift */; };
		340142012B9C891C003B445A /* Api.swift in Sources */ = {isa = PBXBuildFile; fileRef = 340142002B9C891C003B445A /* Api.swift */; };
		340142042B9C94B4003B445A /* IdeaCV.swift in Sources */ = {isa = PBXBuildFile; fileRef = 340142032B9C94B4003B445A /* IdeaCV.swift */; };
		340142092B9CBB28003B445A /* AsyncImageCV.swift in Sources */ = {isa = PBXBuildFile; fileRef = 340142082B9CBB28003B445A /* AsyncImageCV.swift */; };
		340142602BA9BF9C003B445A /* CardCV.swift in Sources */ = {isa = PBXBuildFile; fileRef = 3401425F2BA9BF9C003B445A /* CardCV.swift */; };
		340142622BA9C2CB003B445A /* TagCV.swift in Sources */ = {isa = PBXBuildFile; fileRef = 340142612BA9C2CB003B445A /* TagCV.swift */; };
		340142652BA9D954003B445A /* Constants.swift in Sources */ = {isa = PBXBuildFile; fileRef = 340142642BA9D954003B445A /* Constants.swift */; };
		340142672BA9DE74003B445A /* User.swift in Sources */ = {isa = PBXBuildFile; fileRef = 340142662BA9DE74003B445A /* User.swift */; };
		340142692BA9E1EF003B445A /* Post.swift in Sources */ = {isa = PBXBuildFile; fileRef = 340142682BA9E1EF003B445A /* Post.swift */; };
		3401426B2BA9E1FC003B445A /* Comment.swift in Sources */ = {isa = PBXBuildFile; fileRef = 3401426A2BA9E1FC003B445A /* Comment.swift */; };
		3401426D2BA9E209003B445A /* Tag.swift in Sources */ = {isa = PBXBuildFile; fileRef = 3401426C2BA9E209003B445A /* Tag.swift */; };
		3401426F2BA9E212003B445A /* Category.swift in Sources */ = {isa = PBXBuildFile; fileRef = 3401426E2BA9E212003B445A /* Category.swift */; };
		340142712BA9E2CA003B445A /* MainCV.swift in Sources */ = {isa = PBXBuildFile; fileRef = 340142702BA9E2CA003B445A /* MainCV.swift */; };
		340142732BA9E315003B445A /* TutorialsListCV.swift in Sources */ = {isa = PBXBuildFile; fileRef = 340142722BA9E315003B445A /* TutorialsListCV.swift */; };
		340142752BA9E3F9003B445A /* AddCV.swift in Sources */ = {isa = PBXBuildFile; fileRef = 340142742BA9E3F9003B445A /* AddCV.swift */; };
		340142772BA9E436003B445A /* HomePageCV.swift in Sources */ = {isa = PBXBuildFile; fileRef = 340142762BA9E436003B445A /* HomePageCV.swift */; };
		340142792BA9E480003B445A /* ProfileCV.swift in Sources */ = {isa = PBXBuildFile; fileRef = 340142782BA9E480003B445A /* ProfileCV.swift */; };
		3401427B2BABD78F003B445A /* Colors.swift in Sources */ = {isa = PBXBuildFile; fileRef = 3401427A2BABD78F003B445A /* Colors.swift */; };
		3401427D2BB0C707003B445A /* CommentSectionCV.swift in Sources */ = {isa = PBXBuildFile; fileRef = 3401427C2BB0C707003B445A /* CommentSectionCV.swift */; };
		3401427F2BB0C892003B445A /* CommentCV.swift in Sources */ = {isa = PBXBuildFile; fileRef = 3401427E2BB0C892003B445A /* CommentCV.swift */; };
		340142812BB19D82003B445A /* UserImageCV.swift in Sources */ = {isa = PBXBuildFile; fileRef = 340142802BB19D82003B445A /* UserImageCV.swift */; };
		340142852BB1B8B1003B445A /* UIFont.swift in Sources */ = {isa = PBXBuildFile; fileRef = 340142842BB1B8B1003B445A /* UIFont.swift */; };
		3401428D2BB1B902003B445A /* SuisseIntl-Light.otf in Resources */ = {isa = PBXBuildFile; fileRef = 340142872BB1B902003B445A /* SuisseIntl-Light.otf */; };
		3401428E2BB1B902003B445A /* SuisseIntl-Regular.otf in Resources */ = {isa = PBXBuildFile; fileRef = 340142882BB1B902003B445A /* SuisseIntl-Regular.otf */; };
		3401428F2BB1B902003B445A /* SuisseIntl-SemiBold.otf in Resources */ = {isa = PBXBuildFile; fileRef = 340142892BB1B902003B445A /* SuisseIntl-SemiBold.otf */; };
		340142902BB1B902003B445A /* SuisseIntl-Medium.otf in Resources */ = {isa = PBXBuildFile; fileRef = 3401428A2BB1B902003B445A /* SuisseIntl-Medium.otf */; };
		340142912BB1B902003B445A /* SuisseIntl-Bold.otf in Resources */ = {isa = PBXBuildFile; fileRef = 3401428B2BB1B902003B445A /* SuisseIntl-Bold.otf */; };
		340142922BB1B902003B445A /* SuisseIntl-Black.otf in Resources */ = {isa = PBXBuildFile; fileRef = 3401428C2BB1B902003B445A /* SuisseIntl-Black.otf */; };
		340142952BB1BE5B003B445A /* CustomFont.swift in Sources */ = {isa = PBXBuildFile; fileRef = 340142942BB1BE5B003B445A /* CustomFont.swift */; };
		340142972BB1BEB3003B445A /* Font+Extension.swift in Sources */ = {isa = PBXBuildFile; fileRef = 340142962BB1BEB3003B445A /* Font+Extension.swift */; };
		3430ABC42BB5E3F600A185E1 /* BackButtonCV.swift in Sources */ = {isa = PBXBuildFile; fileRef = 3430ABC32BB5E3F600A185E1 /* BackButtonCV.swift */; };
		3430ABC72BB5F6A700A185E1 /* TagSectionCV.swift in Sources */ = {isa = PBXBuildFile; fileRef = 3430ABC62BB5F6A700A185E1 /* TagSectionCV.swift */; };
		3430ABCB2BB7919B00A185E1 /* OnbordingM.swift in Sources */ = {isa = PBXBuildFile; fileRef = 3430ABC82BB7919B00A185E1 /* OnbordingM.swift */; };
		3430ABCC2BB7919B00A185E1 /* RegLogResponseM.swift in Sources */ = {isa = PBXBuildFile; fileRef = 3430ABC92BB7919B00A185E1 /* RegLogResponseM.swift */; };
		3430ABCD2BB7919B00A185E1 /* UserM.swift in Sources */ = {isa = PBXBuildFile; fileRef = 3430ABCA2BB7919B00A185E1 /* UserM.swift */; };
		3430ABD62BB7923900A185E1 /* MainScreenCV.swift in Sources */ = {isa = PBXBuildFile; fileRef = 3430ABCF2BB7923800A185E1 /* MainScreenCV.swift */; };
		3430ABD72BB7923900A185E1 /* AuthScreen.swift in Sources */ = {isa = PBXBuildFile; fileRef = 3430ABD02BB7923800A185E1 /* AuthScreen.swift */; };
		3430ABD82BB7923900A185E1 /* StartScreenCV.swift in Sources */ = {isa = PBXBuildFile; fileRef = 3430ABD12BB7923800A185E1 /* StartScreenCV.swift */; };
		3430ABD92BB7923900A185E1 /* StartOnboardingS.swift in Sources */ = {isa = PBXBuildFile; fileRef = 3430ABD32BB7923900A185E1 /* StartOnboardingS.swift */; };
		3430ABDA2BB7923900A185E1 /* MainAfterOnboardingS.swift in Sources */ = {isa = PBXBuildFile; fileRef = 3430ABD42BB7923900A185E1 /* MainAfterOnboardingS.swift */; };
		3430ABDB2BB7923900A185E1 /* OnboardingPureS.swift in Sources */ = {isa = PBXBuildFile; fileRef = 3430ABD52BB7923900A185E1 /* OnboardingPureS.swift */; };
		3430ABDF2BB7927C00A185E1 /* ErrorState.swift in Sources */ = {isa = PBXBuildFile; fileRef = 3430ABDD2BB7927C00A185E1 /* ErrorState.swift */; };
		3430ABE02BB7927C00A185E1 /* ErrorView.swift in Sources */ = {isa = PBXBuildFile; fileRef = 3430ABDE2BB7927C00A185E1 /* ErrorView.swift */; };
		3430ABE32BB792B500A185E1 /* NavigationState.swift in Sources */ = {isa = PBXBuildFile; fileRef = 3430ABE22BB792B500A185E1 /* NavigationState.swift */; };
		3430ABE82BB792C700A185E1 /* jwtH.swift in Sources */ = {isa = PBXBuildFile; fileRef = 3430ABE52BB792C700A185E1 /* jwtH.swift */; };
		3430ABE92BB792C700A185E1 /* HTTPMethod.swift in Sources */ = {isa = PBXBuildFile; fileRef = 3430ABE62BB792C700A185E1 /* HTTPMethod.swift */; };
		3430ABEA2BB792C700A185E1 /* API.swift in Sources */ = {isa = PBXBuildFile; fileRef = 3430ABE72BB792C700A185E1 /* API.swift */; };
		3430ABEE2BB7931A00A185E1 /* KeychainHelper.swift in Sources */ = {isa = PBXBuildFile; fileRef = 3430ABEC2BB7931A00A185E1 /* KeychainHelper.swift */; };
		3430ABEF2BB7931B00A185E1 /* Password.swift in Sources */ = {isa = PBXBuildFile; fileRef = 3430ABED2BB7931A00A185E1 /* Password.swift */; };
		3430ABF32BB7934900A185E1 /* OnboardingVM.swift in Sources */ = {isa = PBXBuildFile; fileRef = 3430ABF12BB7934900A185E1 /* OnboardingVM.swift */; };
		3430ABF42BB7934900A185E1 /* AuthViewModel.swift in Sources */ = {isa = PBXBuildFile; fileRef = 3430ABF22BB7934900A185E1 /* AuthViewModel.swift */; };
		3430ABF72BB7946B00A185E1 /* UIApplication.swift in Sources */ = {isa = PBXBuildFile; fileRef = 3430ABF62BB7946B00A185E1 /* UIApplication.swift */; };
		3430AC032BB7948700A185E1 /* DataV.swift in Sources */ = {isa = PBXBuildFile; fileRef = 3430ABFD2BB7948700A185E1 /* DataV.swift */; };
		3430AC062BB795B500A185E1 /* PasswordTextField.swift in Sources */ = {isa = PBXBuildFile; fileRef = 3430AC052BB795B500A185E1 /* PasswordTextField.swift */; };
		3430AC0A2BB7970900A185E1 /* ArrowV.swift in Sources */ = {isa = PBXBuildFile; fileRef = 3430AC092BB7970900A185E1 /* ArrowV.swift */; };
		3430AC0B2BB7970900A185E1 /* ProgressV.swift in Sources */ = {isa = PBXBuildFile; fileRef = 3430AC072BB7970900A185E1 /* ProgressV.swift */; };
		3430AC0C2BB7970900A185E1 /* OnboardingStepV.swift in Sources */ = {isa = PBXBuildFile; fileRef = 3430AC082BB7970900A185E1 /* OnboardingStepV.swift */; };
		348776242BB20ABE00256635 /* ButtonCV.swift in Sources */ = {isa = PBXBuildFile; fileRef = 348776232BB20ABE00256635 /* ButtonCV.swift */; };
		348776262BB45F2600256635 /* SearchBarCV.swift in Sources */ = {isa = PBXBuildFile; fileRef = 348776252BB45F2500256635 /* SearchBarCV.swift */; };
		348776282BB46E1E00256635 /* IconCV.swift in Sources */ = {isa = PBXBuildFile; fileRef = 348776272BB46E1E00256635 /* IconCV.swift */; };
		3487762B2BB47D4300256635 /* HeadingCV.swift in Sources */ = {isa = PBXBuildFile; fileRef = 3487762A2BB47D4300256635 /* HeadingCV.swift */; };
		3487762D2BB47EA400256635 /* TutorialCV.swift in Sources */ = {isa = PBXBuildFile; fileRef = 3487762C2BB47EA400256635 /* TutorialCV.swift */; };
		348776322BB496DA00256635 /* ImageCV.swift in Sources */ = {isa = PBXBuildFile; fileRef = 348776312BB496DA00256635 /* ImageCV.swift */; };
		348776352BB4984E00256635 /* SelectionCardCV.swift in Sources */ = {isa = PBXBuildFile; fileRef = 348776342BB4984E00256635 /* SelectionCardCV.swift */; };
		348776372BB580C600256635 /* UserProfileCV.swift in Sources */ = {isa = PBXBuildFile; fileRef = 348776362BB580C600256635 /* UserProfileCV.swift */; };
		348776392BB583F800256635 /* Gradients.swift in Sources */ = {isa = PBXBuildFile; fileRef = 348776382BB583F800256635 /* Gradients.swift */; };
/* End PBXBuildFile section */

/* Begin PBXFileReference section */
		340141ED2B9C87A8003B445A /* Loochok3m.app */ = {isa = PBXFileReference; explicitFileType = wrapper.application; includeInIndex = 0; path = Loochok3m.app; sourceTree = BUILT_PRODUCTS_DIR; };
		340141F02B9C87A8003B445A /* Loochok3mApp.swift */ = {isa = PBXFileReference; lastKnownFileType = sourcecode.swift; path = Loochok3mApp.swift; sourceTree = "<group>"; };
		340141F22B9C87A8003B445A /* IdeasListCV.swift */ = {isa = PBXFileReference; lastKnownFileType = sourcecode.swift; path = IdeasListCV.swift; sourceTree = "<group>"; };
		340141F42B9C87AA003B445A /* Assets.xcassets */ = {isa = PBXFileReference; lastKnownFileType = folder.assetcatalog; path = Assets.xcassets; sourceTree = "<group>"; };
		340141F72B9C87AA003B445A /* Preview Assets.xcassets */ = {isa = PBXFileReference; lastKnownFileType = folder.assetcatalog; path = "Preview Assets.xcassets"; sourceTree = "<group>"; };
		340141FE2B9C881B003B445A /* Game.swift */ = {isa = PBXFileReference; lastKnownFileType = sourcecode.swift; path = Game.swift; sourceTree = "<group>"; };
		340142002B9C891C003B445A /* Api.swift */ = {isa = PBXFileReference; lastKnownFileType = sourcecode.swift; path = Api.swift; sourceTree = "<group>"; };
		340142032B9C94B4003B445A /* IdeaCV.swift */ = {isa = PBXFileReference; lastKnownFileType = sourcecode.swift; path = IdeaCV.swift; sourceTree = "<group>"; };
		340142082B9CBB28003B445A /* AsyncImageCV.swift */ = {isa = PBXFileReference; lastKnownFileType = sourcecode.swift; path = AsyncImageCV.swift; sourceTree = "<group>"; };
		3401425F2BA9BF9C003B445A /* CardCV.swift */ = {isa = PBXFileReference; lastKnownFileType = sourcecode.swift; path = CardCV.swift; sourceTree = "<group>"; };
		340142612BA9C2CB003B445A /* TagCV.swift */ = {isa = PBXFileReference; lastKnownFileType = sourcecode.swift; path = TagCV.swift; sourceTree = "<group>"; };
		340142642BA9D954003B445A /* Constants.swift */ = {isa = PBXFileReference; lastKnownFileType = sourcecode.swift; path = Constants.swift; sourceTree = "<group>"; };
		340142662BA9DE74003B445A /* User.swift */ = {isa = PBXFileReference; lastKnownFileType = sourcecode.swift; path = User.swift; sourceTree = "<group>"; };
		340142682BA9E1EF003B445A /* Post.swift */ = {isa = PBXFileReference; lastKnownFileType = sourcecode.swift; path = Post.swift; sourceTree = "<group>"; };
		3401426A2BA9E1FC003B445A /* Comment.swift */ = {isa = PBXFileReference; lastKnownFileType = sourcecode.swift; path = Comment.swift; sourceTree = "<group>"; };
		3401426C2BA9E209003B445A /* Tag.swift */ = {isa = PBXFileReference; lastKnownFileType = sourcecode.swift; path = Tag.swift; sourceTree = "<group>"; };
		3401426E2BA9E212003B445A /* Category.swift */ = {isa = PBXFileReference; lastKnownFileType = sourcecode.swift; path = Category.swift; sourceTree = "<group>"; };
		340142702BA9E2CA003B445A /* MainCV.swift */ = {isa = PBXFileReference; lastKnownFileType = sourcecode.swift; path = MainCV.swift; sourceTree = "<group>"; };
		340142722BA9E315003B445A /* TutorialsListCV.swift */ = {isa = PBXFileReference; lastKnownFileType = sourcecode.swift; path = TutorialsListCV.swift; sourceTree = "<group>"; };
		340142742BA9E3F9003B445A /* AddCV.swift */ = {isa = PBXFileReference; lastKnownFileType = sourcecode.swift; path = AddCV.swift; sourceTree = "<group>"; };
		340142762BA9E436003B445A /* HomePageCV.swift */ = {isa = PBXFileReference; lastKnownFileType = sourcecode.swift; path = HomePageCV.swift; sourceTree = "<group>"; };
		340142782BA9E480003B445A /* ProfileCV.swift */ = {isa = PBXFileReference; lastKnownFileType = sourcecode.swift; path = ProfileCV.swift; sourceTree = "<group>"; };
		3401427A2BABD78F003B445A /* Colors.swift */ = {isa = PBXFileReference; lastKnownFileType = sourcecode.swift; path = Colors.swift; sourceTree = "<group>"; };
		3401427C2BB0C707003B445A /* CommentSectionCV.swift */ = {isa = PBXFileReference; lastKnownFileType = sourcecode.swift; path = CommentSectionCV.swift; sourceTree = "<group>"; };
		3401427E2BB0C892003B445A /* CommentCV.swift */ = {isa = PBXFileReference; lastKnownFileType = sourcecode.swift; path = CommentCV.swift; sourceTree = "<group>"; };
		340142802BB19D82003B445A /* UserImageCV.swift */ = {isa = PBXFileReference; lastKnownFileType = sourcecode.swift; path = UserImageCV.swift; sourceTree = "<group>"; };
		340142842BB1B8B1003B445A /* UIFont.swift */ = {isa = PBXFileReference; lastKnownFileType = sourcecode.swift; path = UIFont.swift; sourceTree = "<group>"; };
		340142872BB1B902003B445A /* SuisseIntl-Light.otf */ = {isa = PBXFileReference; lastKnownFileType = file; path = "SuisseIntl-Light.otf"; sourceTree = "<group>"; };
		340142882BB1B902003B445A /* SuisseIntl-Regular.otf */ = {isa = PBXFileReference; lastKnownFileType = file; path = "SuisseIntl-Regular.otf"; sourceTree = "<group>"; };
		340142892BB1B902003B445A /* SuisseIntl-SemiBold.otf */ = {isa = PBXFileReference; lastKnownFileType = file; path = "SuisseIntl-SemiBold.otf"; sourceTree = "<group>"; };
		3401428A2BB1B902003B445A /* SuisseIntl-Medium.otf */ = {isa = PBXFileReference; lastKnownFileType = file; path = "SuisseIntl-Medium.otf"; sourceTree = "<group>"; };
		3401428B2BB1B902003B445A /* SuisseIntl-Bold.otf */ = {isa = PBXFileReference; lastKnownFileType = file; path = "SuisseIntl-Bold.otf"; sourceTree = "<group>"; };
		3401428C2BB1B902003B445A /* SuisseIntl-Black.otf */ = {isa = PBXFileReference; lastKnownFileType = file; path = "SuisseIntl-Black.otf"; sourceTree = "<group>"; };
		340142932BB1BC11003B445A /* Info.plist */ = {isa = PBXFileReference; lastKnownFileType = text.plist; path = Info.plist; sourceTree = "<group>"; };
		340142942BB1BE5B003B445A /* CustomFont.swift */ = {isa = PBXFileReference; lastKnownFileType = sourcecode.swift; path = CustomFont.swift; sourceTree = "<group>"; };
		340142962BB1BEB3003B445A /* Font+Extension.swift */ = {isa = PBXFileReference; lastKnownFileType = sourcecode.swift; path = "Font+Extension.swift"; sourceTree = "<group>"; };
		3430ABC32BB5E3F600A185E1 /* BackButtonCV.swift */ = {isa = PBXFileReference; lastKnownFileType = sourcecode.swift; path = BackButtonCV.swift; sourceTree = "<group>"; };
		3430ABC62BB5F6A700A185E1 /* TagSectionCV.swift */ = {isa = PBXFileReference; lastKnownFileType = sourcecode.swift; path = TagSectionCV.swift; sourceTree = "<group>"; };
		3430ABC82BB7919B00A185E1 /* OnbordingM.swift */ = {isa = PBXFileReference; fileEncoding = 4; lastKnownFileType = sourcecode.swift; path = OnbordingM.swift; sourceTree = "<group>"; };
		3430ABC92BB7919B00A185E1 /* RegLogResponseM.swift */ = {isa = PBXFileReference; fileEncoding = 4; lastKnownFileType = sourcecode.swift; path = RegLogResponseM.swift; sourceTree = "<group>"; };
		3430ABCA2BB7919B00A185E1 /* UserM.swift */ = {isa = PBXFileReference; fileEncoding = 4; lastKnownFileType = sourcecode.swift; path = UserM.swift; sourceTree = "<group>"; };
		3430ABCF2BB7923800A185E1 /* MainScreenCV.swift */ = {isa = PBXFileReference; fileEncoding = 4; lastKnownFileType = sourcecode.swift; path = MainScreenCV.swift; sourceTree = "<group>"; };
		3430ABD02BB7923800A185E1 /* AuthScreen.swift */ = {isa = PBXFileReference; fileEncoding = 4; lastKnownFileType = sourcecode.swift; path = AuthScreen.swift; sourceTree = "<group>"; };
		3430ABD12BB7923800A185E1 /* StartScreenCV.swift */ = {isa = PBXFileReference; fileEncoding = 4; lastKnownFileType = sourcecode.swift; path = StartScreenCV.swift; sourceTree = "<group>"; };
		3430ABD32BB7923900A185E1 /* StartOnboardingS.swift */ = {isa = PBXFileReference; fileEncoding = 4; lastKnownFileType = sourcecode.swift; path = StartOnboardingS.swift; sourceTree = "<group>"; };
		3430ABD42BB7923900A185E1 /* MainAfterOnboardingS.swift */ = {isa = PBXFileReference; fileEncoding = 4; lastKnownFileType = sourcecode.swift; path = MainAfterOnboardingS.swift; sourceTree = "<group>"; };
		3430ABD52BB7923900A185E1 /* OnboardingPureS.swift */ = {isa = PBXFileReference; fileEncoding = 4; lastKnownFileType = sourcecode.swift; path = OnboardingPureS.swift; sourceTree = "<group>"; };
		3430ABDD2BB7927C00A185E1 /* ErrorState.swift */ = {isa = PBXFileReference; fileEncoding = 4; lastKnownFileType = sourcecode.swift; path = ErrorState.swift; sourceTree = "<group>"; };
		3430ABDE2BB7927C00A185E1 /* ErrorView.swift */ = {isa = PBXFileReference; fileEncoding = 4; lastKnownFileType = sourcecode.swift; path = ErrorView.swift; sourceTree = "<group>"; };
		3430ABE22BB792B500A185E1 /* NavigationState.swift */ = {isa = PBXFileReference; fileEncoding = 4; lastKnownFileType = sourcecode.swift; path = NavigationState.swift; sourceTree = "<group>"; };
		3430ABE52BB792C700A185E1 /* jwtH.swift */ = {isa = PBXFileReference; fileEncoding = 4; lastKnownFileType = sourcecode.swift; path = jwtH.swift; sourceTree = "<group>"; };
		3430ABE62BB792C700A185E1 /* HTTPMethod.swift */ = {isa = PBXFileReference; fileEncoding = 4; lastKnownFileType = sourcecode.swift; path = HTTPMethod.swift; sourceTree = "<group>"; };
		3430ABE72BB792C700A185E1 /* API.swift */ = {isa = PBXFileReference; fileEncoding = 4; lastKnownFileType = sourcecode.swift; path = API.swift; sourceTree = "<group>"; };
		3430ABEC2BB7931A00A185E1 /* KeychainHelper.swift */ = {isa = PBXFileReference; fileEncoding = 4; lastKnownFileType = sourcecode.swift; path = KeychainHelper.swift; sourceTree = "<group>"; };
		3430ABED2BB7931A00A185E1 /* Password.swift */ = {isa = PBXFileReference; fileEncoding = 4; lastKnownFileType = sourcecode.swift; path = Password.swift; sourceTree = "<group>"; };
		3430ABF12BB7934900A185E1 /* OnboardingVM.swift */ = {isa = PBXFileReference; fileEncoding = 4; lastKnownFileType = sourcecode.swift; path = OnboardingVM.swift; sourceTree = "<group>"; };
		3430ABF22BB7934900A185E1 /* AuthViewModel.swift */ = {isa = PBXFileReference; fileEncoding = 4; lastKnownFileType = sourcecode.swift; path = AuthViewModel.swift; sourceTree = "<group>"; };
		3430ABF62BB7946B00A185E1 /* UIApplication.swift */ = {isa = PBXFileReference; fileEncoding = 4; lastKnownFileType = sourcecode.swift; path = UIApplication.swift; sourceTree = "<group>"; };
		3430ABFD2BB7948700A185E1 /* DataV.swift */ = {isa = PBXFileReference; fileEncoding = 4; lastKnownFileType = sourcecode.swift; path = DataV.swift; sourceTree = "<group>"; };
		3430AC052BB795B500A185E1 /* PasswordTextField.swift */ = {isa = PBXFileReference; lastKnownFileType = sourcecode.swift; path = PasswordTextField.swift; sourceTree = "<group>"; };
		3430AC072BB7970900A185E1 /* ProgressV.swift */ = {isa = PBXFileReference; lastKnownFileType = sourcecode.swift; path = ProgressV.swift; sourceTree = "<group>"; };
		3430AC082BB7970900A185E1 /* OnboardingStepV.swift */ = {isa = PBXFileReference; lastKnownFileType = sourcecode.swift; path = OnboardingStepV.swift; sourceTree = "<group>"; };
		3430AC092BB7970900A185E1 /* ArrowV.swift */ = {isa = PBXFileReference; lastKnownFileType = sourcecode.swift; path = ArrowV.swift; sourceTree = "<group>"; };
		348776232BB20ABE00256635 /* ButtonCV.swift */ = {isa = PBXFileReference; lastKnownFileType = sourcecode.swift; path = ButtonCV.swift; sourceTree = "<group>"; };
		348776252BB45F2500256635 /* SearchBarCV.swift */ = {isa = PBXFileReference; lastKnownFileType = sourcecode.swift; path = SearchBarCV.swift; sourceTree = "<group>"; };
		348776272BB46E1E00256635 /* IconCV.swift */ = {isa = PBXFileReference; lastKnownFileType = sourcecode.swift; path = IconCV.swift; sourceTree = "<group>"; };
		3487762A2BB47D4300256635 /* HeadingCV.swift */ = {isa = PBXFileReference; lastKnownFileType = sourcecode.swift; path = HeadingCV.swift; sourceTree = "<group>"; };
		3487762C2BB47EA400256635 /* TutorialCV.swift */ = {isa = PBXFileReference; lastKnownFileType = sourcecode.swift; path = TutorialCV.swift; sourceTree = "<group>"; };
		348776312BB496DA00256635 /* ImageCV.swift */ = {isa = PBXFileReference; lastKnownFileType = sourcecode.swift; path = ImageCV.swift; sourceTree = "<group>"; };
		348776342BB4984E00256635 /* SelectionCardCV.swift */ = {isa = PBXFileReference; lastKnownFileType = sourcecode.swift; path = SelectionCardCV.swift; sourceTree = "<group>"; };
		348776362BB580C600256635 /* UserProfileCV.swift */ = {isa = PBXFileReference; lastKnownFileType = sourcecode.swift; path = UserProfileCV.swift; sourceTree = "<group>"; };
		348776382BB583F800256635 /* Gradients.swift */ = {isa = PBXFileReference; lastKnownFileType = sourcecode.swift; path = Gradients.swift; sourceTree = "<group>"; };
/* End PBXFileReference section */

/* Begin PBXFrameworksBuildPhase section */
		340141EA2B9C87A8003B445A /* Frameworks */ = {
			isa = PBXFrameworksBuildPhase;
			buildActionMask = 2147483647;
			files = (
			);
			runOnlyForDeploymentPostprocessing = 0;
		};
/* End PBXFrameworksBuildPhase section */

/* Begin PBXGroup section */
		340141E42B9C87A8003B445A = {
			isa = PBXGroup;
			children = (
				340141EF2B9C87A8003B445A /* Loochok3m */,
				340141EE2B9C87A8003B445A /* Products */,
			);
			sourceTree = "<group>";
		};
		340141EE2B9C87A8003B445A /* Products */ = {
			isa = PBXGroup;
			children = (
				340141ED2B9C87A8003B445A /* Loochok3m.app */,
			);
			name = Products;
			sourceTree = "<group>";
		};
		340141EF2B9C87A8003B445A /* Loochok3m */ = {
			isa = PBXGroup;
			children = (
				340142932BB1BC11003B445A /* Info.plist */,
				340141F02B9C87A8003B445A /* Loochok3mApp.swift */,
				3430ABF52BB7946B00A185E1 /* Extensions */,
				3430ABF02BB7934900A185E1 /* ViewModels */,
				3430ABEB2BB7931A00A185E1 /* Keychain */,
				3430ABDC2BB7927C00A185E1 /* Error */,
				3430ABE42BB792C700A185E1 /* HTTP */,
				3430ABE12BB792B500A185E1 /* Enums */,
				340142862BB1B902003B445A /* Fonts */,
				340142632BA9D93D003B445A /* Helpers */,
				340142072B9CBAF6003B445A /* Models */,
				340142052B9CBADF003B445A /* Views */,
				340142002B9C891C003B445A /* Api.swift */,
				340141F42B9C87AA003B445A /* Assets.xcassets */,
				340141F62B9C87AA003B445A /* Preview Content */,
			);
			path = Loochok3m;
			sourceTree = "<group>";
		};
		340141F62B9C87AA003B445A /* Preview Content */ = {
			isa = PBXGroup;
			children = (
				340141F72B9C87AA003B445A /* Preview Assets.xcassets */,
			);
			path = "Preview Content";
			sourceTree = "<group>";
		};
		340142022B9C9491003B445A /* Components */ = {
			isa = PBXGroup;
			children = (
				3401427C2BB0C707003B445A /* CommentSectionCV.swift */,
				3401427E2BB0C892003B445A /* CommentCV.swift */,
				3430ABC62BB5F6A700A185E1 /* TagSectionCV.swift */,
				340142612BA9C2CB003B445A /* TagCV.swift */,
				340142032B9C94B4003B445A /* IdeaCV.swift */,
				3487762C2BB47EA400256635 /* TutorialCV.swift */,
				348776252BB45F2500256635 /* SearchBarCV.swift */,
				348776272BB46E1E00256635 /* IconCV.swift */,
				3487762A2BB47D4300256635 /* HeadingCV.swift */,
				348776362BB580C600256635 /* UserProfileCV.swift */,
				3430ABC52BB5E71E00A185E1 /* ButtonCVs */,
				348776332BB4982400256635 /* CardCVs */,
				348776302BB4965000256635 /* ImageCVs */,
			);
			path = Components;
			sourceTree = "<group>";
		};
		340142052B9CBADF003B445A /* Views */ = {
			isa = PBXGroup;
			children = (
				340142702BA9E2CA003B445A /* MainCV.swift */,
				340142762BA9E436003B445A /* HomePageCV.swift */,
				340142722BA9E315003B445A /* TutorialsListCV.swift */,
				340142742BA9E3F9003B445A /* AddCV.swift */,
				340141F22B9C87A8003B445A /* IdeasListCV.swift */,
				340142782BA9E480003B445A /* ProfileCV.swift */,
				3430ABFC2BB7948700A185E1 /* Data */,
				3430ABCE2BB7923800A185E1 /* Auth */,
				3430ABD22BB7923800A185E1 /* Onboarding */,
				340142022B9C9491003B445A /* Components */,
			);
			path = Views;
			sourceTree = "<group>";
		};
		340142072B9CBAF6003B445A /* Models */ = {
			isa = PBXGroup;
			children = (
				3430ABC82BB7919B00A185E1 /* OnbordingM.swift */,
				3430ABC92BB7919B00A185E1 /* RegLogResponseM.swift */,
				3430ABCA2BB7919B00A185E1 /* UserM.swift */,
				340141FE2B9C881B003B445A /* Game.swift */,
				340142662BA9DE74003B445A /* User.swift */,
				340142682BA9E1EF003B445A /* Post.swift */,
				3401426A2BA9E1FC003B445A /* Comment.swift */,
				3401426C2BA9E209003B445A /* Tag.swift */,
				3401426E2BA9E212003B445A /* Category.swift */,
			);
			path = Models;
			sourceTree = "<group>";
		};
		340142632BA9D93D003B445A /* Helpers */ = {
			isa = PBXGroup;
			children = (
				340142642BA9D954003B445A /* Constants.swift */,
				3401427A2BABD78F003B445A /* Colors.swift */,
				348776382BB583F800256635 /* Gradients.swift */,
				340142842BB1B8B1003B445A /* UIFont.swift */,
				340142942BB1BE5B003B445A /* CustomFont.swift */,
				340142962BB1BEB3003B445A /* Font+Extension.swift */,
			);
			path = Helpers;
			sourceTree = "<group>";
		};
		340142862BB1B902003B445A /* Fonts */ = {
			isa = PBXGroup;
			children = (
				340142872BB1B902003B445A /* SuisseIntl-Light.otf */,
				340142882BB1B902003B445A /* SuisseIntl-Regular.otf */,
				340142892BB1B902003B445A /* SuisseIntl-SemiBold.otf */,
				3401428A2BB1B902003B445A /* SuisseIntl-Medium.otf */,
				3401428B2BB1B902003B445A /* SuisseIntl-Bold.otf */,
				3401428C2BB1B902003B445A /* SuisseIntl-Black.otf */,
			);
			path = Fonts;
			sourceTree = "<group>";
		};
		3430ABC52BB5E71E00A185E1 /* ButtonCVs */ = {
			isa = PBXGroup;
			children = (
				3430ABC32BB5E3F600A185E1 /* BackButtonCV.swift */,
				348776232BB20ABE00256635 /* ButtonCV.swift */,
			);
			path = ButtonCVs;
			sourceTree = "<group>";
		};
		3430ABCE2BB7923800A185E1 /* Auth */ = {
			isa = PBXGroup;
			children = (
				3430AC052BB795B500A185E1 /* PasswordTextField.swift */,
				3430ABCF2BB7923800A185E1 /* MainScreenCV.swift */,
				3430ABD02BB7923800A185E1 /* AuthScreen.swift */,
				3430ABD12BB7923800A185E1 /* StartScreenCV.swift */,
			);
			path = Auth;
			sourceTree = "<group>";
		};
		3430ABD22BB7923800A185E1 /* Onboarding */ = {
			isa = PBXGroup;
			children = (
				3430AC072BB7970900A185E1 /* ProgressV.swift */,
				3430AC082BB7970900A185E1 /* OnboardingStepV.swift */,
				3430AC092BB7970900A185E1 /* ArrowV.swift */,
				3430ABD32BB7923900A185E1 /* StartOnboardingS.swift */,
				3430ABD42BB7923900A185E1 /* MainAfterOnboardingS.swift */,
				3430ABD52BB7923900A185E1 /* OnboardingPureS.swift */,
			);
			path = Onboarding;
			sourceTree = "<group>";
		};
		3430ABDC2BB7927C00A185E1 /* Error */ = {
			isa = PBXGroup;
			children = (
				3430ABDD2BB7927C00A185E1 /* ErrorState.swift */,
				3430ABDE2BB7927C00A185E1 /* ErrorView.swift */,
			);
			path = Error;
			sourceTree = "<group>";
		};
		3430ABE12BB792B500A185E1 /* Enums */ = {
			isa = PBXGroup;
			children = (
				3430ABE22BB792B500A185E1 /* NavigationState.swift */,
			);
			path = Enums;
			sourceTree = "<group>";
		};
		3430ABE42BB792C700A185E1 /* HTTP */ = {
			isa = PBXGroup;
			children = (
				3430ABE52BB792C700A185E1 /* jwtH.swift */,
				3430ABE62BB792C700A185E1 /* HTTPMethod.swift */,
				3430ABE72BB792C700A185E1 /* API.swift */,
			);
			path = HTTP;
			sourceTree = "<group>";
		};
		3430ABEB2BB7931A00A185E1 /* Keychain */ = {
			isa = PBXGroup;
			children = (
				3430ABEC2BB7931A00A185E1 /* KeychainHelper.swift */,
				3430ABED2BB7931A00A185E1 /* Password.swift */,
			);
			path = Keychain;
			sourceTree = "<group>";
		};
		3430ABF02BB7934900A185E1 /* ViewModels */ = {
			isa = PBXGroup;
			children = (
				3430ABF12BB7934900A185E1 /* OnboardingVM.swift */,
				3430ABF22BB7934900A185E1 /* AuthViewModel.swift */,
			);
			path = ViewModels;
			sourceTree = "<group>";
		};
		3430ABF52BB7946B00A185E1 /* Extensions */ = {
			isa = PBXGroup;
			children = (
				3430ABF62BB7946B00A185E1 /* UIApplication.swift */,
			);
			path = Extensions;
			sourceTree = "<group>";
		};
		3430ABFC2BB7948700A185E1 /* Data */ = {
			isa = PBXGroup;
			children = (
				3430ABFD2BB7948700A185E1 /* DataV.swift */,
			);
			path = Data;
			sourceTree = "<group>";
		};
		348776302BB4965000256635 /* ImageCVs */ = {
			isa = PBXGroup;
			children = (
				340142082B9CBB28003B445A /* AsyncImageCV.swift */,
				348776312BB496DA00256635 /* ImageCV.swift */,
				340142802BB19D82003B445A /* UserImageCV.swift */,
			);
			path = ImageCVs;
			sourceTree = "<group>";
		};
		348776332BB4982400256635 /* CardCVs */ = {
			isa = PBXGroup;
			children = (
				3401425F2BA9BF9C003B445A /* CardCV.swift */,
				348776342BB4984E00256635 /* SelectionCardCV.swift */,
			);
			path = CardCVs;
			sourceTree = "<group>";
		};
/* End PBXGroup section */

/* Begin PBXNativeTarget section */
		340141EC2B9C87A8003B445A /* Loochok3m */ = {
			isa = PBXNativeTarget;
			buildConfigurationList = 340141FB2B9C87AA003B445A /* Build configuration list for PBXNativeTarget "Loochok3m" */;
			buildPhases = (
				340141E92B9C87A8003B445A /* Sources */,
				340141EA2B9C87A8003B445A /* Frameworks */,
				340141EB2B9C87A8003B445A /* Resources */,
			);
			buildRules = (
			);
			dependencies = (
			);
			name = Loochok3m;
			productName = SteamGame;
			productReference = 340141ED2B9C87A8003B445A /* Loochok3m.app */;
			productType = "com.apple.product-type.application";
		};
/* End PBXNativeTarget section */

/* Begin PBXProject section */
		340141E52B9C87A8003B445A /* Project object */ = {
			isa = PBXProject;
			attributes = {
				BuildIndependentTargetsInParallel = 1;
				LastSwiftUpdateCheck = 1420;
				LastUpgradeCheck = 1420;
				TargetAttributes = {
					340141EC2B9C87A8003B445A = {
						CreatedOnToolsVersion = 14.2;
					};
				};
			};
			buildConfigurationList = 340141E82B9C87A8003B445A /* Build configuration list for PBXProject "Loochok3m" */;
			compatibilityVersion = "Xcode 14.0";
			developmentRegion = en;
			hasScannedForEncodings = 0;
			knownRegions = (
				en,
				Base,
			);
			mainGroup = 340141E42B9C87A8003B445A;
			productRefGroup = 340141EE2B9C87A8003B445A /* Products */;
			projectDirPath = "";
			projectRoot = "";
			targets = (
				340141EC2B9C87A8003B445A /* Loochok3m */,
			);
		};
/* End PBXProject section */

/* Begin PBXResourcesBuildPhase section */
		340141EB2B9C87A8003B445A /* Resources */ = {
			isa = PBXResourcesBuildPhase;
			buildActionMask = 2147483647;
			files = (
				340142922BB1B902003B445A /* SuisseIntl-Black.otf in Resources */,
				340141F82B9C87AA003B445A /* Preview Assets.xcassets in Resources */,
				340142902BB1B902003B445A /* SuisseIntl-Medium.otf in Resources */,
				3401428D2BB1B902003B445A /* SuisseIntl-Light.otf in Resources */,
				340141F52B9C87AA003B445A /* Assets.xcassets in Resources */,
				3401428E2BB1B902003B445A /* SuisseIntl-Regular.otf in Resources */,
				340142912BB1B902003B445A /* SuisseIntl-Bold.otf in Resources */,
				3401428F2BB1B902003B445A /* SuisseIntl-SemiBold.otf in Resources */,
			);
			runOnlyForDeploymentPostprocessing = 0;
		};
/* End PBXResourcesBuildPhase section */

/* Begin PBXSourcesBuildPhase section */
		340141E92B9C87A8003B445A /* Sources */ = {
			isa = PBXSourcesBuildPhase;
			buildActionMask = 2147483647;
			files = (
				3430ABEF2BB7931B00A185E1 /* Password.swift in Sources */,
				340142092B9CBB28003B445A /* AsyncImageCV.swift in Sources */,
				3430AC062BB795B500A185E1 /* PasswordTextField.swift in Sources */,
				3401427B2BABD78F003B445A /* Colors.swift in Sources */,
				340142692BA9E1EF003B445A /* Post.swift in Sources */,
				340142792BA9E480003B445A /* ProfileCV.swift in Sources */,
				348776322BB496DA00256635 /* ImageCV.swift in Sources */,
				3430AC0C2BB7970900A185E1 /* OnboardingStepV.swift in Sources */,
				348776262BB45F2600256635 /* SearchBarCV.swift in Sources */,
				3401427F2BB0C892003B445A /* CommentCV.swift in Sources */,
				340142952BB1BE5B003B445A /* CustomFont.swift in Sources */,
				3430ABDB2BB7923900A185E1 /* OnboardingPureS.swift in Sources */,
				340142752BA9E3F9003B445A /* AddCV.swift in Sources */,
				3430AC0A2BB7970900A185E1 /* ArrowV.swift in Sources */,
				3430AC032BB7948700A185E1 /* DataV.swift in Sources */,
				3430ABCC2BB7919B00A185E1 /* RegLogResponseM.swift in Sources */,
				3430ABCD2BB7919B00A185E1 /* UserM.swift in Sources */,
				340141F32B9C87A8003B445A /* IdeasListCV.swift in Sources */,
				340141F12B9C87A8003B445A /* Loochok3mApp.swift in Sources */,
				340142622BA9C2CB003B445A /* TagCV.swift in Sources */,
				3430ABC72BB5F6A700A185E1 /* TagSectionCV.swift in Sources */,
				348776352BB4984E00256635 /* SelectionCardCV.swift in Sources */,
				3430AC0B2BB7970900A185E1 /* ProgressV.swift in Sources */,
				3430ABCB2BB7919B00A185E1 /* OnbordingM.swift in Sources */,
				340142972BB1BEB3003B445A /* Font+Extension.swift in Sources */,
				340142042B9C94B4003B445A /* IdeaCV.swift in Sources */,
				3430ABF32BB7934900A185E1 /* OnboardingVM.swift in Sources */,
				3430ABEE2BB7931A00A185E1 /* KeychainHelper.swift in Sources */,
				348776282BB46E1E00256635 /* IconCV.swift in Sources */,
				3430ABD62BB7923900A185E1 /* MainScreenCV.swift in Sources */,
				340142712BA9E2CA003B445A /* MainCV.swift in Sources */,
				3487762D2BB47EA400256635 /* TutorialCV.swift in Sources */,
				3430ABF72BB7946B00A185E1 /* UIApplication.swift in Sources */,
				340142772BA9E436003B445A /* HomePageCV.swift in Sources */,
				3430ABC42BB5E3F600A185E1 /* BackButtonCV.swift in Sources */,
				340142012B9C891C003B445A /* Api.swift in Sources */,
				3487762B2BB47D4300256635 /* HeadingCV.swift in Sources */,
				3401426B2BA9E1FC003B445A /* Comment.swift in Sources */,
				3430ABE92BB792C700A185E1 /* HTTPMethod.swift in Sources */,
				340142602BA9BF9C003B445A /* CardCV.swift in Sources */,
				3430ABDF2BB7927C00A185E1 /* ErrorState.swift in Sources */,
				3430ABE02BB7927C00A185E1 /* ErrorView.swift in Sources */,
				340141FF2B9C881B003B445A /* Game.swift in Sources */,
				3430ABEA2BB792C700A185E1 /* API.swift in Sources */,
				3430ABE32BB792B500A185E1 /* NavigationState.swift in Sources */,
				340142812BB19D82003B445A /* UserImageCV.swift in Sources */,
				340142672BA9DE74003B445A /* User.swift in Sources */,
				348776392BB583F800256635 /* Gradients.swift in Sources */,
				3401427D2BB0C707003B445A /* CommentSectionCV.swift in Sources */,
				340142732BA9E315003B445A /* TutorialsListCV.swift in Sources */,
				3430ABD72BB7923900A185E1 /* AuthScreen.swift in Sources */,
				340142852BB1B8B1003B445A /* UIFont.swift in Sources */,
				3430ABD92BB7923900A185E1 /* StartOnboardingS.swift in Sources */,
				3430ABDA2BB7923900A185E1 /* MainAfterOnboardingS.swift in Sources */,
				340142652BA9D954003B445A /* Constants.swift in Sources */,
				3430ABD82BB7923900A185E1 /* StartScreenCV.swift in Sources */,
				3401426D2BA9E209003B445A /* Tag.swift in Sources */,
				3430ABE82BB792C700A185E1 /* jwtH.swift in Sources */,
				3430ABF42BB7934900A185E1 /* AuthViewModel.swift in Sources */,
				348776372BB580C600256635 /* UserProfileCV.swift in Sources */,
				3401426F2BA9E212003B445A /* Category.swift in Sources */,
				348776242BB20ABE00256635 /* ButtonCV.swift in Sources */,
			);
			runOnlyForDeploymentPostprocessing = 0;
		};
/* End PBXSourcesBuildPhase section */

/* Begin XCBuildConfiguration section */
		340141F92B9C87AA003B445A /* Debug */ = {
			isa = XCBuildConfiguration;
			buildSettings = {
				ALWAYS_SEARCH_USER_PATHS = NO;
				CLANG_ANALYZER_NONNULL = YES;
				CLANG_ANALYZER_NUMBER_OBJECT_CONVERSION = YES_AGGRESSIVE;
				CLANG_CXX_LANGUAGE_STANDARD = "gnu++20";
				CLANG_ENABLE_MODULES = YES;
				CLANG_ENABLE_OBJC_ARC = YES;
				CLANG_ENABLE_OBJC_WEAK = YES;
				CLANG_WARN_BLOCK_CAPTURE_AUTORELEASING = YES;
				CLANG_WARN_BOOL_CONVERSION = YES;
				CLANG_WARN_COMMA = YES;
				CLANG_WARN_CONSTANT_CONVERSION = YES;
				CLANG_WARN_DEPRECATED_OBJC_IMPLEMENTATIONS = YES;
				CLANG_WARN_DIRECT_OBJC_ISA_USAGE = YES_ERROR;
				CLANG_WARN_DOCUMENTATION_COMMENTS = YES;
				CLANG_WARN_EMPTY_BODY = YES;
				CLANG_WARN_ENUM_CONVERSION = YES;
				CLANG_WARN_INFINITE_RECURSION = YES;
				CLANG_WARN_INT_CONVERSION = YES;
				CLANG_WARN_NON_LITERAL_NULL_CONVERSION = YES;
				CLANG_WARN_OBJC_IMPLICIT_RETAIN_SELF = YES;
				CLANG_WARN_OBJC_LITERAL_CONVERSION = YES;
				CLANG_WARN_OBJC_ROOT_CLASS = YES_ERROR;
				CLANG_WARN_QUOTED_INCLUDE_IN_FRAMEWORK_HEADER = YES;
				CLANG_WARN_RANGE_LOOP_ANALYSIS = YES;
				CLANG_WARN_STRICT_PROTOTYPES = YES;
				CLANG_WARN_SUSPICIOUS_MOVE = YES;
				CLANG_WARN_UNGUARDED_AVAILABILITY = YES_AGGRESSIVE;
				CLANG_WARN_UNREACHABLE_CODE = YES;
				CLANG_WARN__DUPLICATE_METHOD_MATCH = YES;
				COPY_PHASE_STRIP = NO;
				DEBUG_INFORMATION_FORMAT = dwarf;
				ENABLE_STRICT_OBJC_MSGSEND = YES;
				ENABLE_TESTABILITY = YES;
				GCC_C_LANGUAGE_STANDARD = gnu11;
				GCC_DYNAMIC_NO_PIC = NO;
				GCC_NO_COMMON_BLOCKS = YES;
				GCC_OPTIMIZATION_LEVEL = 0;
				GCC_PREPROCESSOR_DEFINITIONS = (
					"DEBUG=1",
					"$(inherited)",
				);
				GCC_WARN_64_TO_32_BIT_CONVERSION = YES;
				GCC_WARN_ABOUT_RETURN_TYPE = YES_ERROR;
				GCC_WARN_UNDECLARED_SELECTOR = YES;
				GCC_WARN_UNINITIALIZED_AUTOS = YES_AGGRESSIVE;
				GCC_WARN_UNUSED_FUNCTION = YES;
				GCC_WARN_UNUSED_VARIABLE = YES;
				IPHONEOS_DEPLOYMENT_TARGET = 16.2;
				MTL_ENABLE_DEBUG_INFO = INCLUDE_SOURCE;
				MTL_FAST_MATH = YES;
				ONLY_ACTIVE_ARCH = YES;
				SDKROOT = iphoneos;
				SWIFT_ACTIVE_COMPILATION_CONDITIONS = DEBUG;
				SWIFT_OPTIMIZATION_LEVEL = "-Onone";
			};
			name = Debug;
		};
		340141FA2B9C87AA003B445A /* Release */ = {
			isa = XCBuildConfiguration;
			buildSettings = {
				ALWAYS_SEARCH_USER_PATHS = NO;
				CLANG_ANALYZER_NONNULL = YES;
				CLANG_ANALYZER_NUMBER_OBJECT_CONVERSION = YES_AGGRESSIVE;
				CLANG_CXX_LANGUAGE_STANDARD = "gnu++20";
				CLANG_ENABLE_MODULES = YES;
				CLANG_ENABLE_OBJC_ARC = YES;
				CLANG_ENABLE_OBJC_WEAK = YES;
				CLANG_WARN_BLOCK_CAPTURE_AUTORELEASING = YES;
				CLANG_WARN_BOOL_CONVERSION = YES;
				CLANG_WARN_COMMA = YES;
				CLANG_WARN_CONSTANT_CONVERSION = YES;
				CLANG_WARN_DEPRECATED_OBJC_IMPLEMENTATIONS = YES;
				CLANG_WARN_DIRECT_OBJC_ISA_USAGE = YES_ERROR;
				CLANG_WARN_DOCUMENTATION_COMMENTS = YES;
				CLANG_WARN_EMPTY_BODY = YES;
				CLANG_WARN_ENUM_CONVERSION = YES;
				CLANG_WARN_INFINITE_RECURSION = YES;
				CLANG_WARN_INT_CONVERSION = YES;
				CLANG_WARN_NON_LITERAL_NULL_CONVERSION = YES;
				CLANG_WARN_OBJC_IMPLICIT_RETAIN_SELF = YES;
				CLANG_WARN_OBJC_LITERAL_CONVERSION = YES;
				CLANG_WARN_OBJC_ROOT_CLASS = YES_ERROR;
				CLANG_WARN_QUOTED_INCLUDE_IN_FRAMEWORK_HEADER = YES;
				CLANG_WARN_RANGE_LOOP_ANALYSIS = YES;
				CLANG_WARN_STRICT_PROTOTYPES = YES;
				CLANG_WARN_SUSPICIOUS_MOVE = YES;
				CLANG_WARN_UNGUARDED_AVAILABILITY = YES_AGGRESSIVE;
				CLANG_WARN_UNREACHABLE_CODE = YES;
				CLANG_WARN__DUPLICATE_METHOD_MATCH = YES;
				COPY_PHASE_STRIP = NO;
				DEBUG_INFORMATION_FORMAT = "dwarf-with-dsym";
				ENABLE_NS_ASSERTIONS = NO;
				ENABLE_STRICT_OBJC_MSGSEND = YES;
				GCC_C_LANGUAGE_STANDARD = gnu11;
				GCC_NO_COMMON_BLOCKS = YES;
				GCC_WARN_64_TO_32_BIT_CONVERSION = YES;
				GCC_WARN_ABOUT_RETURN_TYPE = YES_ERROR;
				GCC_WARN_UNDECLARED_SELECTOR = YES;
				GCC_WARN_UNINITIALIZED_AUTOS = YES_AGGRESSIVE;
				GCC_WARN_UNUSED_FUNCTION = YES;
				GCC_WARN_UNUSED_VARIABLE = YES;
				IPHONEOS_DEPLOYMENT_TARGET = 16.2;
				MTL_ENABLE_DEBUG_INFO = NO;
				MTL_FAST_MATH = YES;
				SDKROOT = iphoneos;
				SWIFT_COMPILATION_MODE = wholemodule;
				SWIFT_OPTIMIZATION_LEVEL = "-O";
				VALIDATE_PRODUCT = YES;
			};
			name = Release;
		};
		340141FC2B9C87AA003B445A /* Debug */ = {
			isa = XCBuildConfiguration;
			buildSettings = {
				ASSETCATALOG_COMPILER_APPICON_NAME = AppIcon;
				ASSETCATALOG_COMPILER_GLOBAL_ACCENT_COLOR_NAME = AccentColor;
				CODE_SIGN_STYLE = Automatic;
				CURRENT_PROJECT_VERSION = 1;
				DEVELOPMENT_ASSET_PATHS = "\"Loochok3m/Preview Content\"";
				DEVELOPMENT_TEAM = 63SYM8S8W3;
				ENABLE_PREVIEWS = YES;
				GENERATE_INFOPLIST_FILE = YES;
				INFOPLIST_FILE = Loochok3m/Info.plist;
				INFOPLIST_KEY_UIApplicationSceneManifest_Generation = YES;
				INFOPLIST_KEY_UIApplicationSupportsIndirectInputEvents = YES;
				INFOPLIST_KEY_UILaunchScreen_Generation = YES;
				INFOPLIST_KEY_UISupportedInterfaceOrientations_iPad = "UIInterfaceOrientationPortrait UIInterfaceOrientationPortraitUpsideDown UIInterfaceOrientationLandscapeLeft UIInterfaceOrientationLandscapeRight";
				INFOPLIST_KEY_UISupportedInterfaceOrientations_iPhone = "UIInterfaceOrientationPortrait UIInterfaceOrientationLandscapeLeft UIInterfaceOrientationLandscapeRight";
				LD_RUNPATH_SEARCH_PATHS = (
					"$(inherited)",
					"@executable_path/Frameworks",
				);
				MARKETING_VERSION = 1.0;
				PRODUCT_BUNDLE_IDENTIFIER = com.arsgulevich.Loochok3m;
				PRODUCT_NAME = "$(TARGET_NAME)";
				SWIFT_EMIT_LOC_STRINGS = YES;
				SWIFT_VERSION = 5.0;
				TARGETED_DEVICE_FAMILY = "1,2";
			};
			name = Debug;
		};
		340141FD2B9C87AA003B445A /* Release */ = {
			isa = XCBuildConfiguration;
			buildSettings = {
				ASSETCATALOG_COMPILER_APPICON_NAME = AppIcon;
				ASSETCATALOG_COMPILER_GLOBAL_ACCENT_COLOR_NAME = AccentColor;
				CODE_SIGN_STYLE = Automatic;
				CURRENT_PROJECT_VERSION = 1;
				DEVELOPMENT_ASSET_PATHS = "\"Loochok3m/Preview Content\"";
				DEVELOPMENT_TEAM = 63SYM8S8W3;
				ENABLE_PREVIEWS = YES;
				GENERATE_INFOPLIST_FILE = YES;
				INFOPLIST_FILE = Loochok3m/Info.plist;
				INFOPLIST_KEY_UIApplicationSceneManifest_Generation = YES;
				INFOPLIST_KEY_UIApplicationSupportsIndirectInputEvents = YES;
				INFOPLIST_KEY_UILaunchScreen_Generation = YES;
				INFOPLIST_KEY_UISupportedInterfaceOrientations_iPad = "UIInterfaceOrientationPortrait UIInterfaceOrientationPortraitUpsideDown UIInterfaceOrientationLandscapeLeft UIInterfaceOrientationLandscapeRight";
				INFOPLIST_KEY_UISupportedInterfaceOrientations_iPhone = "UIInterfaceOrientationPortrait UIInterfaceOrientationLandscapeLeft UIInterfaceOrientationLandscapeRight";
				LD_RUNPATH_SEARCH_PATHS = (
					"$(inherited)",
					"@executable_path/Frameworks",
				);
				MARKETING_VERSION = 1.0;
				PRODUCT_BUNDLE_IDENTIFIER = com.arsgulevich.Loochok3m;
				PRODUCT_NAME = "$(TARGET_NAME)";
				SWIFT_EMIT_LOC_STRINGS = YES;
				SWIFT_VERSION = 5.0;
				TARGETED_DEVICE_FAMILY = "1,2";
			};
			name = Release;
		};
/* End XCBuildConfiguration section */

/* Begin XCConfigurationList section */
		340141E82B9C87A8003B445A /* Build configuration list for PBXProject "Loochok3m" */ = {
			isa = XCConfigurationList;
			buildConfigurations = (
				340141F92B9C87AA003B445A /* Debug */,
				340141FA2B9C87AA003B445A /* Release */,
			);
			defaultConfigurationIsVisible = 0;
			defaultConfigurationName = Release;
		};
		340141FB2B9C87AA003B445A /* Build configuration list for PBXNativeTarget "Loochok3m" */ = {
			isa = XCConfigurationList;
			buildConfigurations = (
				340141FC2B9C87AA003B445A /* Debug */,
				340141FD2B9C87AA003B445A /* Release */,
			);
			defaultConfigurationIsVisible = 0;
			defaultConfigurationName = Release;
		};
/* End XCConfigurationList section */
	};
	rootObject = 340141E52B9C87A8003B445A /* Project object */;
}
